{
  "name": "@nodesource/nsolid-npm-example",
  "version": "1.0.0",
  "lockfileVersion": 2,
  "requires": true,
  "packages": {
    "": {
      "name": "@nodesource/nsolid-npm-example",
      "version": "1.0.0",
      "license": "ISC",
      "dependencies": {
        "nsolid": "^0.0.0"
      }
    },
    "node_modules/nsolid": {
      "version": "0.0.0",
      "resolved": "https://registry.npmjs.org/nsolid/-/nsolid-0.0.0.tgz",
      "integrity": "sha1-GNzZwnQXMbsEP+ANakLG3MV2zlE="
    }
  },
  "dependencies": {
    "nsolid": {
      "version": "0.0.0",
      "resolved": "https://registry.npmjs.org/nsolid/-/nsolid-0.0.0.tgz",
      "integrity": "sha1-GNzZwnQXMbsEP+ANakLG3MV2zlE="
    }
  }
}
